# THIS IS AN AUTOGENERATED FILE. DO NOT EDIT THIS FILE DIRECTLY.
# yarn lockfile v1


"@types/estree@*":
  version "0.0.44"
  resolved "https://registry.yarnpkg.com/@types/estree/-/estree-0.0.44.tgz#980cc5a29a3ef3bea6ff1f7d021047d7ea575e21"
  integrity sha512-iaIVzr+w2ZJ5HkidlZ3EJM8VTZb2MJLCjw3V+505yVts0gRC4UMvjw0d1HPtGqI/HQC/KdsYtayfzl+AXY2R8g==

"@types/node@*":
  version "13.9.3"
  resolved "https://registry.yarnpkg.com/@types/node/-/node-13.9.3.tgz#6356df2647de9eac569f9a52eda3480fa9e70b4d"
  integrity sha512-01s+ac4qerwd6RHD+mVbOEsraDHSgUaefQlEdBbUolnQFjKwCr7luvAlEwW1RFojh67u0z4OUTjPn9LEl4zIkA==

"@uppy/thumbnail-generator@^1.4.0 <=1.5.5":
  version "1.5.5"
  resolved "https://registry.yarnpkg.com/@uppy/thumbnail-generator/-/thumbnail-generator-1.5.5.tgz#1375876af89a167fa884d57119dfa4bf58d8745f"
  integrity sha512-eCwQ5o7I15KnYpYjxI7kvmvBhJxavlxTTitY2Dz9dqLjGoJguwPYJb7fGHTPG9dgSfEV9qBeLXh4QWRjsZkkEQ==
  dependencies:
    "@uppy/utils" "^2.2.2"

"@uppy/utils@^1.3.0":
  version "1.3.0"
  resolved "https://registry.yarnpkg.com/@uppy/utils/-/utils-1.3.0.tgz#46ae1fb646f3ad03d204a43d145e0365557c7eca"
  integrity sha512-eDmegVxzaKHGCpjA6ok0/vaEN5U9znKjpwnxGBF+mNpydgSHCV5NDA4iy1mmaOQ4D3mwnu51UBk44zt+0KL8pw==
  dependencies:
    lodash.throttle "^4.1.1"

"@uppy/utils@^2.2.2":
  version "2.4.2"
  resolved "https://registry.yarnpkg.com/@uppy/utils/-/utils-2.4.2.tgz#7c5cf660e46b77a4192662e0329bc8d81d37efc7"
  integrity sha512-iKe2NR/xRZ2t6TJZHseNlL4DpoXDLilv2nFf3LvAVgrZy/YP7kn/QHyQ5ikW1EdgOzm1IrbvRR29bztwYeWneg==
  dependencies:
    lodash.throttle "^4.1.1"

acorn@^7.1.0:
  version "7.1.1"
  resolved "https://registry.yarnpkg.com/acorn/-/acorn-7.1.1.tgz#e35668de0b402f359de515c5482a1ab9f89a69bf"
  integrity sha512-add7dgA5ppRPxCFJoAGfMDi7PIBXq1RtGo7BhbLaxwrXPOmw8gq48Y9ozT01hUKy9byMjlR20EJhu5zlkErEkg==

lodash.throttle@^4.1.1:
  version "4.1.1"
  resolved "https://registry.yarnpkg.com/lodash.throttle/-/lodash.throttle-4.1.1.tgz#c23e91b710242ac70c37f1e1cda9274cc39bf2f4"
  integrity sha1-wj6RtxAkKscMN/HhzaknTMOb8vQ=

rollup@^1.25.1:
  version "1.32.1"
  resolved "https://registry.yarnpkg.com/rollup/-/rollup-1.32.1.tgz#4480e52d9d9e2ae4b46ba0d9ddeaf3163940f9c4"
  integrity sha512-/2HA0Ec70TvQnXdzynFffkjA6XN+1e2pEv/uKS5Ulca40g2L7KuOE3riasHoNVHOsFD5KKZgDsMk1CP3Tw9s+A==
  dependencies:
    "@types/estree" "*"
    "@types/node" "*"
    acorn "^7.1.0"
