# THIS IS AN AUTOGENERATED FILE. DO NOT EDIT THIS FILE DIRECTLY.
# yarn lockfile v1


"@types/estree@*":
  version "0.0.39"
  resolved "https://registry.yarnpkg.com/@types/estree/-/estree-0.0.39.tgz#e177e699ee1b8c22d23174caaa7422644389509f"
  integrity sha512-EYNwp3bU+98cpU4lAWYYL7Zz+2gryWH1qbdDTidVd6hkiR6weksdbMadyXKXNPEkQFhXM+hVO9ZygomHXp+AIw==

"@types/node@*":
  version "12.11.2"
  resolved "https://registry.yarnpkg.com/@types/node/-/node-12.11.2.tgz#75ba3beda30d690b89a5089ca1c6e8e386150b76"
  integrity sha512-dsfE4BHJkLQW+reOS6b17xhZ/6FB1rB8eRRvO08nn5o+voxf3i74tuyFWNH6djdfgX7Sm5s6LD8t6mJug4dpDw==

"@uppy/thumbnail-generator@^1.4.0":
  version "1.4.0"
  resolved "https://registry.yarnpkg.com/@uppy/thumbnail-generator/-/thumbnail-generator-1.4.0.tgz#746e1b10a126b4b6992fe1bc5311f86c3c2321c0"
  integrity sha512-Ftgr36xp6zS1Wh37ceURV/I9LiG7oI3F6YD0cviCI5dw8vYpjV8k9TvE6NBfZ3cnHk/+DAevaOR+pyjBIvQYHA==
  dependencies:
    "@uppy/utils" "^2.0.0"
    exif-js "2.3.0"

"@uppy/utils@^1.3.0":
  version "1.3.0"
  resolved "https://registry.yarnpkg.com/@uppy/utils/-/utils-1.3.0.tgz#46ae1fb646f3ad03d204a43d145e0365557c7eca"
  integrity sha512-eDmegVxzaKHGCpjA6ok0/vaEN5U9znKjpwnxGBF+mNpydgSHCV5NDA4iy1mmaOQ4D3mwnu51UBk44zt+0KL8pw==
  dependencies:
    lodash.throttle "^4.1.1"

"@uppy/utils@^2.0.0":
  version "2.0.0"
  resolved "https://registry.yarnpkg.com/@uppy/utils/-/utils-2.0.0.tgz#f603458cedb3d86017e33f00cce32e20f690b6f5"
  integrity sha512-FWuSmdCK+dB5ybGlTp5xx1C6hf9Tsdl58Lrfg9KUF/4ogkzupj/2uEYmcn26S0GZ8FJPWNG/858EeF/bZNFAQw==
  dependencies:
    lodash.throttle "^4.1.1"

acorn@^7.1.0:
  version "7.1.1"
  resolved "https://registry.yarnpkg.com/acorn/-/acorn-7.1.1.tgz#e35668de0b402f359de515c5482a1ab9f89a69bf"
  integrity sha512-add7dgA5ppRPxCFJoAGfMDi7PIBXq1RtGo7BhbLaxwrXPOmw8gq48Y9ozT01hUKy9byMjlR20EJhu5zlkErEkg==

exif-js@2.3.0:
  version "2.3.0"
  resolved "https://registry.yarnpkg.com/exif-js/-/exif-js-2.3.0.tgz#9d10819bf571f873813e7640241255ab9ce1a814"
  integrity sha1-nRCBm/Vx+HOBPnZAJBJVq5zhqBQ=

lodash.throttle@^4.1.1:
  version "4.1.1"
  resolved "https://registry.yarnpkg.com/lodash.throttle/-/lodash.throttle-4.1.1.tgz#c23e91b710242ac70c37f1e1cda9274cc39bf2f4"
  integrity sha1-wj6RtxAkKscMN/HhzaknTMOb8vQ=

rollup@^1.25.1:
  version "1.25.1"
  resolved "https://registry.yarnpkg.com/rollup/-/rollup-1.25.1.tgz#905707d686dc8d7218af63dcfb9e37d1f3dc3c34"
  integrity sha512-K8ytdEzMa6anHSnfTIs2BLB+NXlQ4qmWwdNHBpYQNWCbZAzj+DRVk7+ssbLSgddwpFW1nThr2GElR+jASF2NPA==
  dependencies:
    "@types/estree" "*"
    "@types/node" "*"
    acorn "^7.1.0"
